// !$*UTF8*$!
{
	archiveVersion = 1;
	classes = {
	};
	objectVersion = 56;
	objects = {

/* Begin PBXBuildFile section */
		08874F182984E2A30088993B /* DoULikeMeApp.swift in Sources */ = {isa = PBXBuildFile; fileRef = 08874F172984E2A30088993B /* DoULikeMeApp.swift */; };
		08874F1A2984E2A30088993B /* ContentView.swift in Sources */ = {isa = PBXBuildFile; fileRef = 08874F192984E2A30088993B /* ContentView.swift */; };
		08874F1C2984E2A40088993B /* Assets.xcassets in Resources */ = {isa = PBXBuildFile; fileRef = 08874F1B2984E2A40088993B /* Assets.xcassets */; };
		08874F1F2984E2A40088993B /* Preview Assets.xcassets in Resources */ = {isa = PBXBuildFile; fileRef = 08874F1E2984E2A40088993B /* Preview Assets.xcassets */; };
		08874F292984E2A40088993B /* DoULikeMeTests.swift in Sources */ = {isa = PBXBuildFile; fileRef = 08874F282984E2A40088993B /* DoULikeMeTests.swift */; };
		08874F332984E2A40088993B /* DoULikeMeUITests.swift in Sources */ = {isa = PBXBuildFile; fileRef = 08874F322984E2A40088993B /* DoULikeMeUITests.swift */; };
		08874F352984E2A40088993B /* DoULikeMeUITestsLaunchTests.swift in Sources */ = {isa = PBXBuildFile; fileRef = 08874F342984E2A40088993B /* DoULikeMeUITestsLaunchTests.swift */; };
/* End PBXBuildFile section */

/* Begin PBXContainerItemProxy section */
		08874F252984E2A40088993B /* PBXContainerItemProxy */ = {
			isa = PBXContainerItemProxy;
			containerPortal = 08874F0C2984E2A30088993B /* Project object */;
			proxyType = 1;
			remoteGlobalIDString = 08874F132984E2A30088993B;
			remoteInfo = DoULikeMe;
		};
		08874F2F2984E2A40088993B /* PBXContainerItemProxy */ = {
			isa = PBXContainerItemProxy;
			containerPortal = 08874F0C2984E2A30088993B /* Project object */;
			proxyType = 1;
			remoteGlobalIDString = 08874F132984E2A30088993B;
			remoteInfo = DoULikeMe;
		};
/* End PBXContainerItemProxy section */

/* Begin PBXFileReference section */
		08874F142984E2A30088993B /* DoULikeMe.app */ = {isa = PBXFileReference; explicitFileType = wrapper.application; includeInIndex = 0; path = DoULikeMe.app; sourceTree = BUILT_PRODUCTS_DIR; };
		08874F172984E2A30088993B /* DoULikeMeApp.swift */ = {isa = PBXFileReference; lastKnownFileType = sourcecode.swift; path = DoULikeMeApp.swift; sourceTree = "<group>"; };
		08874F192984E2A30088993B /* ContentView.swift */ = {isa = PBXFileReference; lastKnownFileType = sourcecode.swift; path = ContentView.swift; sourceTree = "<group>"; };
		08874F1B2984E2A40088993B /* Assets.xcassets */ = {isa = PBXFileReference; lastKnownFileType = folder.assetcatalog; path = Assets.xcassets; sourceTree = "<group>"; };
		08874F1E2984E2A40088993B /* Preview Assets.xcassets */ = {isa = PBXFileReference; lastKnownFileType = folder.assetcatalog; path = "Preview Assets.xcassets"; sourceTree = "<group>"; };
		08874F242984E2A40088993B /* DoULikeMeTests.xctest */ = {isa = PBXFileReference; explicitFileType = wrapper.cfbundle; includeInIndex = 0; path = DoULikeMeTests.xctest; sourceTree = BUILT_PRODUCTS_DIR; };
		08874F282984E2A40088993B /* DoULikeMeTests.swift */ = {isa = PBXFileReference; lastKnownFileType = sourcecode.swift; path = DoULikeMeTests.swift; sourceTree = "<group>"; };
		08874F2E2984E2A40088993B /* DoULikeMeUITests.xctest */ = {isa = PBXFileReference; explicitFileType = wrapper.cfbundle; includeInIndex = 0; path = DoULikeMeUITests.xctest; sourceTree = BUILT_PRODUCTS_DIR; };
		08874F322984E2A40088993B /* DoULikeMeUITests.swift */ = {isa = PBXFileReference; lastKnownFileType = sourcecode.swift; path = DoULikeMeUITests.swift; sourceTree = "<group>"; };
		08874F342984E2A40088993B /* DoULikeMeUITestsLaunchTests.swift */ = {isa = PBXFileReference; lastKnownFileType = sourcecode.swift; path = DoULikeMeUITestsLaunchTests.swift; sourceTree = "<group>"; };
/* End PBXFileReference section */

/* Begin PBXFrameworksBuildPhase section */
		08874F112984E2A30088993B /* Frameworks */ = {
			isa = PBXFrameworksBuildPhase;
			buildActionMask = 2147483647;
			files = (
			);
			runOnlyForDeploymentPostprocessing = 0;
		};
		08874F212984E2A40088993B /* Frameworks */ = {
			isa = PBXFrameworksBuildPhase;
			buildActionMask = 2147483647;
			files = (
			);
			runOnlyForDeploymentPostprocessing = 0;
		};
		08874F2B2984E2A40088993B /* Frameworks */ = {
			isa = PBXFrameworksBuildPhase;
			buildActionMask = 2147483647;
			files = (
			);
			runOnlyForDeploymentPostprocessing = 0;
		};
/* End PBXFrameworksBuildPhase section */

/* Begin PBXGroup section */
		08874F0B2984E2A30088993B = {
			isa = PBXGroup;
			children = (
				08874F162984E2A30088993B /* DoULikeMe */,
				08874F272984E2A40088993B /* DoULikeMeTests */,
				08874F312984E2A40088993B /* DoULikeMeUITests */,
				08874F152984E2A30088993B /* Products */,
			);
			sourceTree = "<group>";
		};
		08874F152984E2A30088993B /* Products */ = {
			isa = PBXGroup;
			children = (
				08874F142984E2A30088993B /* DoULikeMe.app */,
				08874F242984E2A40088993B /* DoULikeMeTests.xctest */,
				08874F2E2984E2A40088993B /* DoULikeMeUITests.xctest */,
			);
			name = Products;
			sourceTree = "<group>";
		};
		08874F162984E2A30088993B /* DoULikeMe */ = {
			isa = PBXGroup;
			children = (
				08874F172984E2A30088993B /* DoULikeMeApp.swift */,
				08874F192984E2A30088993B /* ContentView.swift */,
				08874F1B2984E2A40088993B /* Assets.xcassets */,
				08874F1D2984E2A40088993B /* Preview Content */,
			);
			path = DoULikeMe;
			sourceTree = "<group>";
		};
		08874F1D2984E2A40088993B /* Preview Content */ = {
			isa = PBXGroup;
			children = (
				08874F1E2984E2A40088993B /* Preview Assets.xcassets */,
			);
			path = "Preview Content";
			sourceTree = "<group>";
		};
		08874F272984E2A40088993B /* DoULikeMeTests */ = {
			isa = PBXGroup;
			children = (
				08874F282984E2A40088993B /* DoULikeMeTests.swift */,
			);
			path = DoULikeMeTests;
			sourceTree = "<group>";
		};
		08874F312984E2A40088993B /* DoULikeMeUITests */ = {
			isa = PBXGroup;
			children = (
				08874F322984E2A40088993B /* DoULikeMeUITests.swift */,
				08874F342984E2A40088993B /* DoULikeMeUITestsLaunchTests.swift */,
			);
			path = DoULikeMeUITests;
			sourceTree = "<group>";
		};
/* End PBXGroup section */

/* Begin PBXNativeTarget section */
		08874F132984E2A30088993B /* DoULikeMe */ = {
			isa = PBXNativeTarget;
			buildConfigurationList = 08874F382984E2A40088993B /* Build configuration list for PBXNativeTarget "DoULikeMe" */;
			buildPhases = (
				08874F102984E2A30088993B /* Sources */,
				08874F112984E2A30088993B /* Frameworks */,
				08874F122984E2A30088993B /* Resources */,
			);
			buildRules = (
			);
			dependencies = (
			);
			name = DoULikeMe;
			productName = DoULikeMe;
			productReference = 08874F142984E2A30088993B /* DoULikeMe.app */;
			productType = "com.apple.product-type.application";
		};
		08874F232984E2A40088993B /* DoULikeMeTests */ = {
			isa = PBXNativeTarget;
			buildConfigurationList = 08874F3B2984E2A40088993B /* Build configuration list for PBXNativeTarget "DoULikeMeTests" */;
			buildPhases = (
				08874F202984E2A40088993B /* Sources */,
				08874F212984E2A40088993B /* Frameworks */,
				08874F222984E2A40088993B /* Resources */,
			);
			buildRules = (
			);
			dependencies = (
				08874F262984E2A40088993B /* PBXTargetDependency */,
			);
			name = DoULikeMeTests;
			productName = DoULikeMeTests;
			productReference = 08874F242984E2A40088993B /* DoULikeMeTests.xctest */;
			productType = "com.apple.product-type.bundle.unit-test";
		};
		08874F2D2984E2A40088993B /* DoULikeMeUITests */ = {
			isa = PBXNativeTarget;
			buildConfigurationList = 08874F3E2984E2A40088993B /* Build configuration list for PBXNativeTarget "DoULikeMeUITests" */;
			buildPhases = (
				08874F2A2984E2A40088993B /* Sources */,
				08874F2B2984E2A40088993B /* Frameworks */,
				08874F2C2984E2A40088993B /* Resources */,
			);
			buildRules = (
			);
			dependencies = (
				08874F302984E2A40088993B /* PBXTargetDependency */,
			);
			name = DoULikeMeUITests;
			productName = DoULikeMeUITests;
			productReference = 08874F2E2984E2A40088993B /* DoULikeMeUITests.xctest */;
			productType = "com.apple.product-type.bundle.ui-testing";
		};
/* End PBXNativeTarget section */

/* Begin PBXProject section */
		08874F0C2984E2A30088993B /* Project object */ = {
			isa = PBXProject;
			attributes = {
				BuildIndependentTargetsInParallel = 1;
				LastSwiftUpdateCheck = 1420;
				LastUpgradeCheck = 1420;
				TargetAttributes = {
					08874F132984E2A30088993B = {
						CreatedOnToolsVersion = 14.2;
					};
					08874F232984E2A40088993B = {
						CreatedOnToolsVersion = 14.2;
						TestTargetID = 08874F132984E2A30088993B;
					};
					08874F2D2984E2A40088993B = {
						CreatedOnToolsVersion = 14.2;
						TestTargetID = 08874F132984E2A30088993B;
					};
				};
			};
			buildConfigurationList = 08874F0F2984E2A30088993B /* Build configuration list for PBXProject "DoULikeMe" */;
			compatibilityVersion = "Xcode 14.0";
			developmentRegion = en;
			hasScannedForEncodings = 0;
			knownRegions = (
				en,
				Base,
			);
			mainGroup = 08874F0B2984E2A30088993B;
			productRefGroup = 08874F152984E2A30088993B /* Products */;
			projectDirPath = "";
			projectRoot = "";
			targets = (
				08874F132984E2A30088993B /* DoULikeMe */,
				08874F232984E2A40088993B /* DoULikeMeTests */,
				08874F2D2984E2A40088993B /* DoULikeMeUITests */,
			);
		};
/* End PBXProject section */

/* Begin PBXResourcesBuildPhase section */
		08874F122984E2A30088993B /* Resources */ = {
			isa = PBXResourcesBuildPhase;
			buildActionMask = 2147483647;
			files = (
				08874F1F2984E2A40088993B /* Preview Assets.xcassets in Resources */,
				08874F1C2984E2A40088993B /* Assets.xcassets in Resources */,
			);
			runOnlyForDeploymentPostprocessing = 0;
		};
		08874F222984E2A40088993B /* Resources */ = {
			isa = PBXResourcesBuildPhase;
			buildActionMask = 2147483647;
			files = (
			);
			runOnlyForDeploymentPostprocessing = 0;
		};
		08874F2C2984E2A40088993B /* Resources */ = {
			isa = PBXResourcesBuildPhase;
			buildActionMask = 2147483647;
			files = (
			);
			runOnlyForDeploymentPostprocessing = 0;
		};
/* End PBXResourcesBuildPhase section */

/* Begin PBXSourcesBuildPhase section */
		08874F102984E2A30088993B /* Sources */ = {
			isa = PBXSourcesBuildPhase;
			buildActionMask = 2147483647;
			files = (
				08874F1A2984E2A30088993B /* ContentView.swift in Sources */,
				08874F182984E2A30088993B /* DoULikeMeApp.swift in Sources */,
			);
			runOnlyForDeploymentPostprocessing = 0;
		};
		08874F202984E2A40088993B /* Sources */ = {
			isa = PBXSourcesBuildPhase;
			buildActionMask = 2147483647;
			files = (
				08874F292984E2A40088993B /* DoULikeMeTests.swift in Sources */,
			);
			runOnlyForDeploymentPostprocessing = 0;
		};
		08874F2A2984E2A40088993B /* Sources */ = {
			isa = PBXSourcesBuildPhase;
			buildActionMask = 2147483647;
			files = (
				08874F352984E2A40088993B /* DoULikeMeUITestsLaunchTests.swift in Sources */,
				08874F332984E2A40088993B /* DoULikeMeUITests.swift in Sources */,
			);
			runOnlyForDeploymentPostprocessing = 0;
		};
/* End PBXSourcesBuildPhase section */

/* Begin PBXTargetDependency section */
		08874F262984E2A40088993B /* PBXTargetDependency */ = {
			isa = PBXTargetDependency;
			target = 08874F132984E2A30088993B /* DoULikeMe */;
			targetProxy = 08874F252984E2A40088993B /* PBXContainerItemProxy */;
		};
		08874F302984E2A40088993B /* PBXTargetDependency */ = {
			isa = PBXTargetDependency;
			target = 08874F132984E2A30088993B /* DoULikeMe */;
			targetProxy = 08874F2F2984E2A40088993B /* PBXContainerItemProxy */;
		};
/* End PBXTargetDependency section */

/* Begin XCBuildConfiguration section */
		08874F362984E2A40088993B /* Debug */ = {
			isa = XCBuildConfiguration;
			buildSettings = {
				ALWAYS_SEARCH_USER_PATHS = NO;
				CLANG_ANALYZER_NONNULL = YES;
				CLANG_ANALYZER_NUMBER_OBJECT_CONVERSION = YES_AGGRESSIVE;
				CLANG_CXX_LANGUAGE_STANDARD = "gnu++20";
				CLANG_ENABLE_MODULES = YES;
				CLANG_ENABLE_OBJC_ARC = YES;
				CLANG_ENABLE_OBJC_WEAK = YES;
				CLANG_WARN_BLOCK_CAPTURE_AUTORELEASING = YES;
				CLANG_WARN_BOOL_CONVERSION = YES;
				CLANG_WARN_COMMA = YES;
				CLANG_WARN_CONSTANT_CONVERSION = YES;
				CLANG_WARN_DEPRECATED_OBJC_IMPLEMENTATIONS = YES;
				CLANG_WARN_DIRECT_OBJC_ISA_USAGE = YES_ERROR;
				CLANG_WARN_DOCUMENTATION_COMMENTS = YES;
				CLANG_WARN_EMPTY_BODY = YES;
				CLANG_WARN_ENUM_CONVERSION = YES;
				CLANG_WARN_INFINITE_RECURSION = YES;
				CLANG_WARN_INT_CONVERSION = YES;
				CLANG_WARN_NON_LITERAL_NULL_CONVERSION = YES;
				CLANG_WARN_OBJC_IMPLICIT_RETAIN_SELF = YES;
				CLANG_WARN_OBJC_LITERAL_CONVERSION = YES;
				CLANG_WARN_OBJC_ROOT_CLASS = YES_ERROR;
				CLANG_WARN_QUOTED_INCLUDE_IN_FRAMEWORK_HEADER = YES;
				CLANG_WARN_RANGE_LOOP_ANALYSIS = YES;
				CLANG_WARN_STRICT_PROTOTYPES = YES;
				CLANG_WARN_SUSPICIOUS_MOVE = YES;
				CLANG_WARN_UNGUARDED_AVAILABILITY = YES_AGGRESSIVE;
				CLANG_WARN_UNREACHABLE_CODE = YES;
				CLANG_WARN__DUPLICATE_METHOD_MATCH = YES;
				COPY_PHASE_STRIP = NO;
				DEBUG_INFORMATION_FORMAT = dwarf;
				ENABLE_STRICT_OBJC_MSGSEND = YES;
				ENABLE_TESTABILITY = YES;
				GCC_C_LANGUAGE_STANDARD = gnu11;
				GCC_DYNAMIC_NO_PIC = NO;
				GCC_NO_COMMON_BLOCKS = YES;
				GCC_OPTIMIZATION_LEVEL = 0;
				GCC_PREPROCESSOR_DEFINITIONS = (
					"DEBUG=1",
					"$(inherited)",
				);
				GCC_WARN_64_TO_32_BIT_CONVERSION = YES;
				GCC_WARN_ABOUT_RETURN_TYPE = YES_ERROR;
				GCC_WARN_UNDECLARED_SELECTOR = YES;
				GCC_WARN_UNINITIALIZED_AUTOS = YES_AGGRESSIVE;
				GCC_WARN_UNUSED_FUNCTION = YES;
				GCC_WARN_UNUSED_VARIABLE = YES;
				IPHONEOS_DEPLOYMENT_TARGET = 16.2;
				MTL_ENABLE_DEBUG_INFO = INCLUDE_SOURCE;
				MTL_FAST_MATH = YES;
				ONLY_ACTIVE_ARCH = YES;
				SDKROOT = iphoneos;
				SWIFT_ACTIVE_COMPILATION_CONDITIONS = DEBUG;
				SWIFT_OPTIMIZATION_LEVEL = "-Onone";
			};
			name = Debug;
		};
		08874F372984E2A40088993B /* Release */ = {
			isa = XCBuildConfiguration;
			buildSettings = {
				ALWAYS_SEARCH_USER_PATHS = NO;
				CLANG_ANALYZER_NONNULL = YES;
				CLANG_ANALYZER_NUMBER_OBJECT_CONVERSION = YES_AGGRESSIVE;
				CLANG_CXX_LANGUAGE_STANDARD = "gnu++20";
				CLANG_ENABLE_MODULES = YES;
				CLANG_ENABLE_OBJC_ARC = YES;
				CLANG_ENABLE_OBJC_WEAK = YES;
				CLANG_WARN_BLOCK_CAPTURE_AUTORELEASING = YES;
				CLANG_WARN_BOOL_CONVERSION = YES;
				CLANG_WARN_COMMA = YES;
				CLANG_WARN_CONSTANT_CONVERSION = YES;
				CLANG_WARN_DEPRECATED_OBJC_IMPLEMENTATIONS = YES;
				CLANG_WARN_DIRECT_OBJC_ISA_USAGE = YES_ERROR;
				CLANG_WARN_DOCUMENTATION_COMMENTS = YES;
				CLANG_WARN_EMPTY_BODY = YES;
				CLANG_WARN_ENUM_CONVERSION = YES;
				CLANG_WARN_INFINITE_RECURSION = YES;
				CLANG_WARN_INT_CONVERSION = YES;
				CLANG_WARN_NON_LITERAL_NULL_CONVERSION = YES;
				CLANG_WARN_OBJC_IMPLICIT_RETAIN_SELF = YES;
				CLANG_WARN_OBJC_LITERAL_CONVERSION = YES;
				CLANG_WARN_OBJC_ROOT_CLASS = YES_ERROR;
				CLANG_WARN_QUOTED_INCLUDE_IN_FRAMEWORK_HEADER = YES;
				CLANG_WARN_RANGE_LOOP_ANALYSIS = YES;
				CLANG_WARN_STRICT_PROTOTYPES = YES;
				CLANG_WARN_SUSPICIOUS_MOVE = YES;
				CLANG_WARN_UNGUARDED_AVAILABILITY = YES_AGGRESSIVE;
				CLANG_WARN_UNREACHABLE_CODE = YES;
				CLANG_WARN__DUPLICATE_METHOD_MATCH = YES;
				COPY_PHASE_STRIP = NO;
				DEBUG_INFORMATION_FORMAT = "dwarf-with-dsym";
				ENABLE_NS_ASSERTIONS = NO;
				ENABLE_STRICT_OBJC_MSGSEND = YES;
				GCC_C_LANGUAGE_STANDARD = gnu11;
				GCC_NO_COMMON_BLOCKS = YES;
				GCC_WARN_64_TO_32_BIT_CONVERSION = YES;
				GCC_WARN_ABOUT_RETURN_TYPE = YES_ERROR;
				GCC_WARN_UNDECLARED_SELECTOR = YES;
				GCC_WARN_UNINITIALIZED_AUTOS = YES_AGGRESSIVE;
				GCC_WARN_UNUSED_FUNCTION = YES;
				GCC_WARN_UNUSED_VARIABLE = YES;
				IPHONEOS_DEPLOYMENT_TARGET = 16.2;
				MTL_ENABLE_DEBUG_INFO = NO;
				MTL_FAST_MATH = YES;
				SDKROOT = iphoneos;
				SWIFT_COMPILATION_MODE = wholemodule;
				SWIFT_OPTIMIZATION_LEVEL = "-O";
				VALIDATE_PRODUCT = YES;
			};
			name = Release;
		};
		08874F392984E2A40088993B /* Debug */ = {
			isa = XCBuildConfiguration;
			buildSettings = {
				ASSETCATALOG_COMPILER_APPICON_NAME = AppIcon;
				ASSETCATALOG_COMPILER_GLOBAL_ACCENT_COLOR_NAME = AccentColor;
				CODE_SIGN_STYLE = Automatic;
				CURRENT_PROJECT_VERSION = 1;
				DEVELOPMENT_ASSET_PATHS = "\"DoULikeMe/Preview Content\"";
				DEVELOPMENT_TEAM = 9SAQ42S589;
				ENABLE_PREVIEWS = YES;
				GENERATE_INFOPLIST_FILE = YES;
				INFOPLIST_KEY_UIApplicationSceneManifest_Generation = YES;
				INFOPLIST_KEY_UIApplicationSupportsIndirectInputEvents = YES;
				INFOPLIST_KEY_UILaunchScreen_Generation = YES;
				INFOPLIST_KEY_UISupportedInterfaceOrientations_iPad = "UIInterfaceOrientationPortrait UIInterfaceOrientationPortraitUpsideDown UIInterfaceOrientationLandscapeLeft UIInterfaceOrientationLandscapeRight";
				INFOPLIST_KEY_UISupportedInterfaceOrientations_iPhone = "UIInterfaceOrientationPortrait UIInterfaceOrientationLandscapeLeft UIInterfaceOrientationLandscapeRight";
				LD_RUNPATH_SEARCH_PATHS = (
					"$(inherited)",
					"@executable_path/Frameworks",
				);
				MARKETING_VERSION = 1.0;
				PRODUCT_BUNDLE_IDENTIFIER = com.vivianphung.DoULikeMe;
				PRODUCT_NAME = "$(TARGET_NAME)";
				SWIFT_EMIT_LOC_STRINGS = YES;
				SWIFT_VERSION = 5.0;
				TARGETED_DEVICE_FAMILY = "1,2";
			};
			name = Debug;
		};
		08874F3A2984E2A40088993B /* Release */ = {
			isa = XCBuildConfiguration;
			buildSettings = {
				ASSETCATALOG_COMPILER_APPICON_NAME = AppIcon;
				ASSETCATALOG_COMPILER_GLOBAL_ACCENT_COLOR_NAME = AccentColor;
				CODE_SIGN_STYLE = Automatic;
				CURRENT_PROJECT_VERSION = 1;
				DEVELOPMENT_ASSET_PATHS = "\"DoULikeMe/Preview Content\"";
				DEVELOPMENT_TEAM = 9SAQ42S589;
				ENABLE_PREVIEWS = YES;
				GENERATE_INFOPLIST_FILE = YES;
				INFOPLIST_KEY_UIApplicationSceneManifest_Generation = YES;
				INFOPLIST_KEY_UIApplicationSupportsIndirectInputEvents = YES;
				INFOPLIST_KEY_UILaunchScreen_Generation = YES;
				INFOPLIST_KEY_UISupportedInterfaceOrientations_iPad = "UIInterfaceOrientationPortrait UIInterfaceOrientationPortraitUpsideDown UIInterfaceOrientationLandscapeLeft UIInterfaceOrientationLandscapeRight";
				INFOPLIST_KEY_UISupportedInterfaceOrientations_iPhone = "UIInterfaceOrientationPortrait UIInterfaceOrientationLandscapeLeft UIInterfaceOrientationLandscapeRight";
				LD_RUNPATH_SEARCH_PATHS = (
					"$(inherited)",
					"@executable_path/Frameworks",
				);
				MARKETING_VERSION = 1.0;
				PRODUCT_BUNDLE_IDENTIFIER = com.vivianphung.DoULikeMe;
				PRODUCT_NAME = "$(TARGET_NAME)";
				SWIFT_EMIT_LOC_STRINGS = YES;
				SWIFT_VERSION = 5.0;
				TARGETED_DEVICE_FAMILY = "1,2";
			};
			name = Release;
		};
		08874F3C2984E2A40088993B /* Debug */ = {
			isa = XCBuildConfiguration;
			buildSettings = {
				ALWAYS_EMBED_SWIFT_STANDARD_LIBRARIES = YES;
				BUNDLE_LOADER = "$(TEST_HOST)";
				CODE_SIGN_STYLE = Automatic;
				CURRENT_PROJECT_VERSION = 1;
				DEVELOPMENT_TEAM = 9SAQ42S589;
				GENERATE_INFOPLIST_FILE = YES;
				IPHONEOS_DEPLOYMENT_TARGET = 16.2;
				MARKETING_VERSION = 1.0;
				PRODUCT_BUNDLE_IDENTIFIER = com.vivianphung.DoULikeMeTests;
				PRODUCT_NAME = "$(TARGET_NAME)";
				SWIFT_EMIT_LOC_STRINGS = NO;
				SWIFT_VERSION = 5.0;
				TARGETED_DEVICE_FAMILY = "1,2";
				TEST_HOST = "$(BUILT_PRODUCTS_DIR)/DoULikeMe.app/$(BUNDLE_EXECUTABLE_FOLDER_PATH)/DoULikeMe";
			};
			name = Debug;
		};
		08874F3D2984E2A40088993B /* Release */ = {
			isa = XCBuildConfiguration;
			buildSettings = {
				ALWAYS_EMBED_SWIFT_STANDARD_LIBRARIES = YES;
				BUNDLE_LOADER = "$(TEST_HOST)";
				CODE_SIGN_STYLE = Automatic;
				CURRENT_PROJECT_VERSION = 1;
				DEVELOPMENT_TEAM = 9SAQ42S589;
				GENERATE_INFOPLIST_FILE = YES;
				IPHONEOS_DEPLOYMENT_TARGET = 16.2;
				MARKETING_VERSION = 1.0;
				PRODUCT_BUNDLE_IDENTIFIER = com.vivianphung.DoULikeMeTests;
				PRODUCT_NAME = "$(TARGET_NAME)";
				SWIFT_EMIT_LOC_STRINGS = NO;
				SWIFT_VERSION = 5.0;
				TARGETED_DEVICE_FAMILY = "1,2";
				TEST_HOST = "$(BUILT_PRODUCTS_DIR)/DoULikeMe.app/$(BUNDLE_EXECUTABLE_FOLDER_PATH)/DoULikeMe";
			};
			name = Release;
		};
		08874F3F2984E2A40088993B /* Debug */ = {
			isa = XCBuildConfiguration;
			buildSettings = {
				ALWAYS_EMBED_SWIFT_STANDARD_LIBRARIES = YES;
				CODE_SIGN_STYLE = Automatic;
				CURRENT_PROJECT_VERSION = 1;
				DEVELOPMENT_TEAM = 9SAQ42S589;
				GENERATE_INFOPLIST_FILE = YES;
				MARKETING_VERSION = 1.0;
				PRODUCT_BUNDLE_IDENTIFIER = com.vivianphung.DoULikeMeUITests;
				PRODUCT_NAME = "$(TARGET_NAME)";
				SWIFT_EMIT_LOC_STRINGS = NO;
				SWIFT_VERSION = 5.0;
				TARGETED_DEVICE_FAMILY = "1,2";
				TEST_TARGET_NAME = DoULikeMe;
			};
			name = Debug;
		};
		08874F402984E2A40088993B /* Release */ = {
			isa = XCBuildConfiguration;
			buildSettings = {
				ALWAYS_EMBED_SWIFT_STANDARD_LIBRARIES = YES;
				CODE_SIGN_STYLE = Automatic;
				CURRENT_PROJECT_VERSION = 1;
				DEVELOPMENT_TEAM = 9SAQ42S589;
				GENERATE_INFOPLIST_FILE = YES;
				MARKETING_VERSION = 1.0;
				PRODUCT_BUNDLE_IDENTIFIER = com.vivianphung.DoULikeMeUITests;
				PRODUCT_NAME = "$(TARGET_NAME)";
				SWIFT_EMIT_LOC_STRINGS = NO;
				SWIFT_VERSION = 5.0;
				TARGETED_DEVICE_FAMILY = "1,2";
				TEST_TARGET_NAME = DoULikeMe;
			};
			name = Release;
		};
/* End XCBuildConfiguration section */

/* Begin XCConfigurationList section */
		08874F0F2984E2A30088993B /* Build configuration list for PBXProject "DoULikeMe" */ = {
			isa = XCConfigurationList;
			buildConfigurations = (
				08874F362984E2A40088993B /* Debug */,
				08874F372984E2A40088993B /* Release */,
			);
			defaultConfigurationIsVisible = 0;
			defaultConfigurationName = Release;
		};
		08874F382984E2A40088993B /* Build configuration list for PBXNativeTarget "DoULikeMe" */ = {
			isa = XCConfigurationList;
			buildConfigurations = (
				08874F392984E2A40088993B /* Debug */,
				08874F3A2984E2A40088993B /* Release */,
			);
			defaultConfigurationIsVisible = 0;
			defaultConfigurationName = Release;
		};
		08874F3B2984E2A40088993B /* Build configuration list for PBXNativeTarget "DoULikeMeTests" */ = {
			isa = XCConfigurationList;
			buildConfigurations = (
				08874F3C2984E2A40088993B /* Debug */,
				08874F3D2984E2A40088993B /* Release */,
			);
			defaultConfigurationIsVisible = 0;
			defaultConfigurationName = Release;
		};
		08874F3E2984E2A40088993B /* Build configuration list for PBXNativeTarget "DoULikeMeUITests" */ = {
			isa = XCConfigurationList;
			buildConfigurations = (
				08874F3F2984E2A40088993B /* Debug */,
				08874F402984E2A40088993B /* Release */,
			);
			defaultConfigurationIsVisible = 0;
			defaultConfigurationName = Release;
		};
/* End XCConfigurationList section */
	};
	rootObject = 08874F0C2984E2A30088993B /* Project object */;
}
